// !$*UTF8*$!
{
	archiveVersion = 1;
	classes = {
	};
	objectVersion = 46;
	objects = {

/* Begin PBXBuildFile section */
		4526672C1DA2F0C8001A8A7B /* main.m in Sources */ = {isa = PBXBuildFile; fileRef = 4526672B1DA2F0C8001A8A7B /* main.m */; };
		4526672F1DA2F0C8001A8A7B /* AppDelegate.m in Sources */ = {isa = PBXBuildFile; fileRef = 4526672E1DA2F0C8001A8A7B /* AppDelegate.m */; };
		452667321DA2F0C8001A8A7B /* ContactsViewController.m in Sources */ = {isa = PBXBuildFile; fileRef = 452667311DA2F0C8001A8A7B /* ContactsViewController.m */; };
		452667351DA2F0C8001A8A7B /* Main.storyboard in Resources */ = {isa = PBXBuildFile; fileRef = 452667331DA2F0C8001A8A7B /* Main.storyboard */; };
		452667371DA2F0C8001A8A7B /* Assets.xcassets in Resources */ = {isa = PBXBuildFile; fileRef = 452667361DA2F0C8001A8A7B /* Assets.xcassets */; };
		4526673A1DA2F0C8001A8A7B /* LaunchScreen.storyboard in Resources */ = {isa = PBXBuildFile; fileRef = 452667381DA2F0C8001A8A7B /* LaunchScreen.storyboard */; };
		452667431DA2F4AF001A8A7B /* Contacts.swift in Sources */ = {isa = PBXBuildFile; fileRef = 452667421DA2F4AF001A8A7B /* Contacts.swift */; };
		452667451DA2F717001A8A7B /* NewContactViewController.swift in Sources */ = {isa = PBXBuildFile; fileRef = 452667441DA2F717001A8A7B /* NewContactViewController.swift */; };
		452667481DA37B41001A8A7B /* NewDefaultImage.m in Sources */ = {isa = PBXBuildFile; fileRef = 452667471DA37B41001A8A7B /* NewDefaultImage.m */; };
		4526674A1DA3BEEA001A8A7B /* ExistingContactViewController.swift in Sources */ = {isa = PBXBuildFile; fileRef = 452667491DA3BEEA001A8A7B /* ExistingContactViewController.swift */; };
/* End PBXBuildFile section */

/* Begin PBXFileReference section */
		452667271DA2F0C8001A8A7B /* Contacts.app */ = {isa = PBXFileReference; explicitFileType = wrapper.application; includeInIndex = 0; path = Contacts.app; sourceTree = BUILT_PRODUCTS_DIR; };
		4526672B1DA2F0C8001A8A7B /* main.m */ = {isa = PBXFileReference; lastKnownFileType = sourcecode.c.objc; path = main.m; sourceTree = "<group>"; };
		4526672D1DA2F0C8001A8A7B /* AppDelegate.h */ = {isa = PBXFileReference; lastKnownFileType = sourcecode.c.h; path = AppDelegate.h; sourceTree = "<group>"; };
		4526672E1DA2F0C8001A8A7B /* AppDelegate.m */ = {isa = PBXFileReference; lastKnownFileType = sourcecode.c.objc; path = AppDelegate.m; sourceTree = "<group>"; };
		452667301DA2F0C8001A8A7B /* ContactsViewController.h */ = {isa = PBXFileReference; lastKnownFileType = sourcecode.c.h; path = ContactsViewController.h; sourceTree = "<group>"; };
		452667311DA2F0C8001A8A7B /* ContactsViewController.m */ = {isa = PBXFileReference; lastKnownFileType = sourcecode.c.objc; path = ContactsViewController.m; sourceTree = "<group>"; };
		452667341DA2F0C8001A8A7B /* Base */ = {isa = PBXFileReference; lastKnownFileType = file.storyboard; name = Base; path = Base.lproj/Main.storyboard; sourceTree = "<group>"; };
		452667361DA2F0C8001A8A7B /* Assets.xcassets */ = {isa = PBXFileReference; lastKnownFileType = folder.assetcatalog; path = Assets.xcassets; sourceTree = "<group>"; };
		452667391DA2F0C8001A8A7B /* Base */ = {isa = PBXFileReference; lastKnownFileType = file.storyboard; name = Base; path = Base.lproj/LaunchScreen.storyboard; sourceTree = "<group>"; };
		4526673B1DA2F0C8001A8A7B /* Info.plist */ = {isa = PBXFileReference; lastKnownFileType = text.plist.xml; path = Info.plist; sourceTree = "<group>"; };
		452667411DA2F4AE001A8A7B /* Contacts-Bridging-Header.h */ = {isa = PBXFileReference; lastKnownFileType = sourcecode.c.h; path = "Contacts-Bridging-Header.h"; sourceTree = "<group>"; };
		452667421DA2F4AF001A8A7B /* Contacts.swift */ = {isa = PBXFileReference; fileEncoding = 4; lastKnownFileType = sourcecode.swift; path = Contacts.swift; sourceTree = "<group>"; };
		452667441DA2F717001A8A7B /* NewContactViewController.swift */ = {isa = PBXFileReference; fileEncoding = 4; lastKnownFileType = sourcecode.swift; path = NewContactViewController.swift; sourceTree = "<group>"; };
		452667461DA37B41001A8A7B /* NewDefaultImage.h */ = {isa = PBXFileReference; fileEncoding = 4; lastKnownFileType = sourcecode.c.h; path = NewDefaultImage.h; sourceTree = "<group>"; };
		452667471DA37B41001A8A7B /* NewDefaultImage.m */ = {isa = PBXFileReference; fileEncoding = 4; lastKnownFileType = sourcecode.c.objc; path = NewDefaultImage.m; sourceTree = "<group>"; };
		452667491DA3BEEA001A8A7B /* ExistingContactViewController.swift */ = {isa = PBXFileReference; fileEncoding = 4; lastKnownFileType = sourcecode.swift; path = ExistingContactViewController.swift; sourceTree = "<group>"; };
/* End PBXFileReference section */

/* Begin PBXFrameworksBuildPhase section */
		452667241DA2F0C7001A8A7B /* Frameworks */ = {
			isa = PBXFrameworksBuildPhase;
			buildActionMask = 2147483647;
			files = (
			);
			runOnlyForDeploymentPostprocessing = 0;
		};
/* End PBXFrameworksBuildPhase section */

/* Begin PBXGroup section */
		4526671E1DA2F0C7001A8A7B = {
			isa = PBXGroup;
			children = (
				452667291DA2F0C8001A8A7B /* Contacts */,
				452667281DA2F0C8001A8A7B /* Products */,
			);
			sourceTree = "<group>";
		};
		452667281DA2F0C8001A8A7B /* Products */ = {
			isa = PBXGroup;
			children = (
				452667271DA2F0C8001A8A7B /* Contacts.app */,
			);
			name = Products;
			sourceTree = "<group>";
		};
		452667291DA2F0C8001A8A7B /* Contacts */ = {
			isa = PBXGroup;
			children = (
				4526672D1DA2F0C8001A8A7B /* AppDelegate.h */,
				4526672E1DA2F0C8001A8A7B /* AppDelegate.m */,
				452667301DA2F0C8001A8A7B /* ContactsViewController.h */,
				452667311DA2F0C8001A8A7B /* ContactsViewController.m */,
				452667441DA2F717001A8A7B /* NewContactViewController.swift */,
				452667421DA2F4AF001A8A7B /* Contacts.swift */,
				452667331DA2F0C8001A8A7B /* Main.storyboard */,
				452667491DA3BEEA001A8A7B /* ExistingContactViewController.swift */,
				452667461DA37B41001A8A7B /* NewDefaultImage.h */,
				452667471DA37B41001A8A7B /* NewDefaultImage.m */,
				452667361DA2F0C8001A8A7B /* Assets.xcassets */,
				452667381DA2F0C8001A8A7B /* LaunchScreen.storyboard */,
				4526673B1DA2F0C8001A8A7B /* Info.plist */,
				4526672A1DA2F0C8001A8A7B /* Supporting Files */,
				452667411DA2F4AE001A8A7B /* Contacts-Bridging-Header.h */,
			);
			path = Contacts;
			sourceTree = "<group>";
		};
		4526672A1DA2F0C8001A8A7B /* Supporting Files */ = {
			isa = PBXGroup;
			children = (
				4526672B1DA2F0C8001A8A7B /* main.m */,
			);
			name = "Supporting Files";
			sourceTree = "<group>";
		};
/* End PBXGroup section */

/* Begin PBXNativeTarget section */
		452667261DA2F0C7001A8A7B /* Contacts */ = {
			isa = PBXNativeTarget;
			buildConfigurationList = 4526673E1DA2F0C8001A8A7B /* Build configuration list for PBXNativeTarget "Contacts" */;
			buildPhases = (
				452667231DA2F0C7001A8A7B /* Sources */,
				452667241DA2F0C7001A8A7B /* Frameworks */,
				452667251DA2F0C7001A8A7B /* Resources */,
			);
			buildRules = (
			);
			dependencies = (
			);
			name = Contacts;
			productName = Contacts;
			productReference = 452667271DA2F0C8001A8A7B /* Contacts.app */;
			productType = "com.apple.product-type.application";
		};
/* End PBXNativeTarget section */

/* Begin PBXProject section */
		4526671F1DA2F0C7001A8A7B /* Project object */ = {
			isa = PBXProject;
			attributes = {
				LastUpgradeCheck = 0800;
				ORGANIZATIONNAME = "James Birchall";
				TargetAttributes = {
					452667261DA2F0C7001A8A7B = {
						CreatedOnToolsVersion = 8.0;
						DevelopmentTeam = XJTJGEN6DH;
						LastSwiftMigration = 0800;
						ProvisioningStyle = Automatic;
					};
				};
			};
			buildConfigurationList = 452667221DA2F0C7001A8A7B /* Build configuration list for PBXProject "Contacts" */;
			compatibilityVersion = "Xcode 3.2";
			developmentRegion = English;
			hasScannedForEncodings = 0;
			knownRegions = (
				en,
				Base,
			);
			mainGroup = 4526671E1DA2F0C7001A8A7B;
			productRefGroup = 452667281DA2F0C8001A8A7B /* Products */;
			projectDirPath = "";
			projectRoot = "";
			targets = (
				452667261DA2F0C7001A8A7B /* Contacts */,
			);
		};
/* End PBXProject section */

/* Begin PBXResourcesBuildPhase section */
		452667251DA2F0C7001A8A7B /* Resources */ = {
			isa = PBXResourcesBuildPhase;
			buildActionMask = 2147483647;
			files = (
				4526673A1DA2F0C8001A8A7B /* LaunchScreen.storyboard in Resources */,
				452667371DA2F0C8001A8A7B /* Assets.xcassets in Resources */,
				452667351DA2F0C8001A8A7B /* Main.storyboard in Resources */,
			);
			runOnlyForDeploymentPostprocessing = 0;
		};
/* End PBXResourcesBuildPhase section */

/* Begin PBXSourcesBuildPhase section */
		452667231DA2F0C7001A8A7B /* Sources */ = {
			isa = PBXSourcesBuildPhase;
			buildActionMask = 2147483647;
			files = (
				452667431DA2F4AF001A8A7B /* Contacts.swift in Sources */,
				452667451DA2F717001A8A7B /* NewContactViewController.swift in Sources */,
				452667481DA37B41001A8A7B /* NewDefaultImage.m in Sources */,
				4526674A1DA3BEEA001A8A7B /* ExistingContactViewController.swift in Sources */,
				452667321DA2F0C8001A8A7B /* ContactsViewController.m in Sources */,
				4526672F1DA2F0C8001A8A7B /* AppDelegate.m in Sources */,
				4526672C1DA2F0C8001A8A7B /* main.m in Sources */,
			);
			runOnlyForDeploymentPostprocessing = 0;
		};
/* End PBXSourcesBuildPhase section */

/* Begin PBXVariantGroup section */
		452667331DA2F0C8001A8A7B /* Main.storyboard */ = {
			isa = PBXVariantGroup;
			children = (
				452667341DA2F0C8001A8A7B /* Base */,
			);
			name = Main.storyboard;
			sourceTree = "<group>";
		};
		452667381DA2F0C8001A8A7B /* LaunchScreen.storyboard */ = {
			isa = PBXVariantGroup;
			children = (
				452667391DA2F0C8001A8A7B /* Base */,
			);
			name = LaunchScreen.storyboard;
			sourceTree = "<group>";
		};
/* End PBXVariantGroup section */

/* Begin XCBuildConfiguration section */
		4526673C1DA2F0C8001A8A7B /* Debug */ = {
			isa = XCBuildConfiguration;
			buildSettings = {
				ALWAYS_SEARCH_USER_PATHS = NO;
				CLANG_ANALYZER_NONNULL = YES;
				CLANG_CXX_LANGUAGE_STANDARD = "gnu++0x";
				CLANG_CXX_LIBRARY = "libc++";
				CLANG_ENABLE_MODULES = YES;
				CLANG_ENABLE_OBJC_ARC = YES;
				CLANG_WARN_BOOL_CONVERSION = YES;
				CLANG_WARN_CONSTANT_CONVERSION = YES;
				CLANG_WARN_DIRECT_OBJC_ISA_USAGE = YES_ERROR;
				CLANG_WARN_DOCUMENTATION_COMMENTS = YES;
				CLANG_WARN_EMPTY_BODY = YES;
				CLANG_WARN_ENUM_CONVERSION = YES;
				CLANG_WARN_INFINITE_RECURSION = YES;
				CLANG_WARN_INT_CONVERSION = YES;
				CLANG_WARN_OBJC_ROOT_CLASS = YES_ERROR;
				CLANG_WARN_SUSPICIOUS_MOVES = YES;
				CLANG_WARN_UNREACHABLE_CODE = YES;
				CLANG_WARN__DUPLICATE_METHOD_MATCH = YES;
				"CODE_SIGN_IDENTITY[sdk=iphoneos*]" = "iPhone Developer";
				COPY_PHASE_STRIP = NO;
				DEBUG_INFORMATION_FORMAT = dwarf;
				ENABLE_STRICT_OBJC_MSGSEND = YES;
				ENABLE_TESTABILITY = YES;
				GCC_C_LANGUAGE_STANDARD = gnu99;
				GCC_DYNAMIC_NO_PIC = NO;
				GCC_NO_COMMON_BLOCKS = YES;
				GCC_OPTIMIZATION_LEVEL = 0;
				GCC_PREPROCESSOR_DEFINITIONS = (
					"DEBUG=1",
					"$(inherited)",
				);
				GCC_WARN_64_TO_32_BIT_CONVERSION = YES;
				GCC_WARN_ABOUT_RETURN_TYPE = YES_ERROR;
				GCC_WARN_UNDECLARED_SELECTOR = YES;
				GCC_WARN_UNINITIALIZED_AUTOS = YES_AGGRESSIVE;
				GCC_WARN_UNUSED_FUNCTION = YES;
				GCC_WARN_UNUSED_VARIABLE = YES;
				IPHONEOS_DEPLOYMENT_TARGET = 10.0;
				MTL_ENABLE_DEBUG_INFO = YES;
				ONLY_ACTIVE_ARCH = YES;
				SDKROOT = iphoneos;
			};
			name = Debug;
		};
		4526673D1DA2F0C8001A8A7B /* Release */ = {
			isa = XCBuildConfiguration;
			buildSettings = {
				ALWAYS_SEARCH_USER_PATHS = NO;
				CLANG_ANALYZER_NONNULL = YES;
				CLANG_CXX_LANGUAGE_STANDARD = "gnu++0x";
				CLANG_CXX_LIBRARY = "libc++";
				CLANG_ENABLE_MODULES = YES;
				CLANG_ENABLE_OBJC_ARC = YES;
				CLANG_WARN_BOOL_CONVERSION = YES;
				CLANG_WARN_CONSTANT_CONVERSION = YES;
				CLANG_WARN_DIRECT_OBJC_ISA_USAGE = YES_ERROR;
				CLANG_WARN_DOCUMENTATION_COMMENTS = YES;
				CLANG_WARN_EMPTY_BODY = YES;
				CLANG_WARN_ENUM_CONVERSION = YES;
				CLANG_WARN_INFINITE_RECURSION = YES;
				CLANG_WARN_INT_CONVERSION = YES;
				CLANG_WARN_OBJC_ROOT_CLASS = YES_ERROR;
				CLANG_WARN_SUSPICIOUS_MOVES = YES;
				CLANG_WARN_UNREACHABLE_CODE = YES;
				CLANG_WARN__DUPLICATE_METHOD_MATCH = YES;
				"CODE_SIGN_IDENTITY[sdk=iphoneos*]" = "iPhone Developer";
				COPY_PHASE_STRIP = NO;
				DEBUG_INFORMATION_FORMAT = "dwarf-with-dsym";
				ENABLE_NS_ASSERTIONS = NO;
				ENABLE_STRICT_OBJC_MSGSEND = YES;
				GCC_C_LANGUAGE_STANDARD = gnu99;
				GCC_NO_COMMON_BLOCKS = YES;
				GCC_WARN_64_TO_32_BIT_CONVERSION = YES;
				GCC_WARN_ABOUT_RETURN_TYPE = YES_ERROR;
				GCC_WARN_UNDECLARED_SELECTOR = YES;
				GCC_WARN_UNINITIALIZED_AUTOS = YES_AGGRESSIVE;
				GCC_WARN_UNUSED_FUNCTION = YES;
				GCC_WARN_UNUSED_VARIABLE = YES;
				IPHONEOS_DEPLOYMENT_TARGET = 10.0;
				MTL_ENABLE_DEBUG_INFO = NO;
				SDKROOT = iphoneos;
				VALIDATE_PRODUCT = YES;
			};
			name = Release;
		};
		4526673F1DA2F0C8001A8A7B /* Debug */ = {
			isa = XCBuildConfiguration;
			buildSettings = {
				ASSETCATALOG_COMPILER_APPICON_NAME = AppIcon;
				CLANG_ENABLE_MODULES = YES;
				DEVELOPMENT_TEAM = XJTJGEN6DH;
				INFOPLIST_FILE = Contacts/Info.plist;
				LD_RUNPATH_SEARCH_PATHS = "$(inherited) @executable_path/Frameworks";
				PRODUCT_BUNDLE_IDENTIFIER = com.birchall.bnrswift.Contacts;
				PRODUCT_NAME = "$(TARGET_NAME)";
				SWIFT_OBJC_BRIDGING_HEADER = "Contacts/Contacts-Bridging-Header.h";
				SWIFT_OPTIMIZATION_LEVEL = "-Onone";
				SWIFT_VERSION = 3.0;
			};
			name = Debug;
		};
		452667401DA2F0C8001A8A7B /* Release */ = {
			isa = XCBuildConfiguration;
			buildSettings = {
				ASSETCATALOG_COMPILER_APPICON_NAME = AppIcon;
				CLANG_ENABLE_MODULES = YES;
				DEVELOPMENT_TEAM = XJTJGEN6DH;
				INFOPLIST_FILE = Contacts/Info.plist;
				LD_RUNPATH_SEARCH_PATHS = "$(inherited) @executable_path/Frameworks";
				PRODUCT_BUNDLE_IDENTIFIER = com.birchall.bnrswift.Contacts;
				PRODUCT_NAME = "$(TARGET_NAME)";
				SWIFT_OBJC_BRIDGING_HEADER = "Contacts/Contacts-Bridging-Header.h";
				SWIFT_VERSION = 3.0;
			};
			name = Release;
		};
/* End XCBuildConfiguration section */

/* Begin XCConfigurationList section */
		452667221DA2F0C7001A8A7B /* Build configuration list for PBXProject "Contacts" */ = {
			isa = XCConfigurationList;
			buildConfigurations = (
				4526673C1DA2F0C8001A8A7B /* Debug */,
				4526673D1DA2F0C8001A8A7B /* Release */,
			);
			defaultConfigurationIsVisible = 0;
			defaultConfigurationName = Release;
		};
		4526673E1DA2F0C8001A8A7B /* Build configuration list for PBXNativeTarget "Contacts" */ = {
			isa = XCConfigurationList;
			buildConfigurations = (
				4526673F1DA2F0C8001A8A7B /* Debug */,
				452667401DA2F0C8001A8A7B /* Release */,
			);
			defaultConfigurationIsVisible = 0;
			defaultConfigurationName = Release;
		};
/* End XCConfigurationList section */
	};
	rootObject = 4526671F1DA2F0C7001A8A7B /* Project object */;
}
